{
  "version": "5",
  "remote": {
    "https://deno.land/std@0.148.0/async/abortable.ts": "87aa7230be8360c24ad437212311c9e8d4328854baec27b4c7abb26e85515c06",
    "https://deno.land/std@0.148.0/async/deadline.ts": "48ac998d7564969f3e6ec6b6f9bf0217ebd00239b1b2292feba61272d5dd58d0",
    "https://deno.land/std@0.148.0/async/debounce.ts": "564273ef242bcfcda19a439132f940db8694173abffc159ea34f07d18fc42620",
    "https://deno.land/std@0.148.0/async/deferred.ts": "bc18e28108252c9f67dfca2bbc4587c3cbf3aeb6e155f8c864ca8ecff992b98a",
    "https://deno.land/std@0.148.0/async/delay.ts": "cbbdf1c87d1aed8edc7bae13592fb3e27e3106e0748f089c263390d4f49e5f6c",
    "https://deno.land/std@0.148.0/async/mod.ts": "9852cd8ed897ab2d41a8fbee611d574e97898327db5c19d9d58e41126473f02c",
    "https://deno.land/std@0.148.0/async/mux_async_iterator.ts": "5b4aca6781ad0f2e19ccdf1d1a1c092ccd3e00d52050d9c27c772658c8367256",
    "https://deno.land/std@0.148.0/async/pool.ts": "ef9eb97b388543acbf0ac32647121e4dbe629236899586c4d4311a8770fbb239",
    "https://deno.land/std@0.148.0/async/tee.ts": "bcfae0017ebb718cf4eef9e2420e8675d91cb1bcc0ed9b668681af6e6caad846",
    "https://deno.land/std@0.148.0/http/server.ts": "0b0a9f3abfcfecead944b31ee9098a0c11a59b0495bf873ee200eb80e7441483"
  },
  "workspace": {
    "packageJson": {
      "dependencies": [
        "npm:@chromatic-com/storybook@^4.1.1",
        "npm:@eslint/compat@^1.3.2",
        "npm:@eslint/js@^9.36.0",
        "npm:@inlang/paraglide-js@^2.3.2",
        "npm:@oneidentity/zstd-js@^1.0.3",
        "npm:@oslojs/crypto@^1.0.1",
        "npm:@oslojs/encoding@^1.1.0",
        "npm:@playwright/test@^1.55.0",
        "npm:@storybook/addon-a11y@^9.1.7",
        "npm:@storybook/addon-docs@^9.1.7",
        "npm:@storybook/addon-svelte-csf@^5.0.8",
        "npm:@storybook/addon-vitest@^9.1.7",
        "npm:@storybook/sveltekit@^9.1.7",
        "npm:@sveltejs/adapter-vercel@^5.10.2",
        "npm:@sveltejs/kit@^2.42.2",
        "npm:@sveltejs/vite-plugin-svelte@^6.2.0",
        "npm:@tailwindcss/forms@~0.5.10",
        "npm:@tailwindcss/typography@~0.5.18",
        "npm:@tailwindcss/vite@^4.1.13",
        "npm:@types/node@^22.18.6",
        "npm:@vitest/browser@^3.2.4",
        "npm:bgutils-js@^3.2.0",
        "npm:dotenv@^17.2.2",
        "npm:drizzle-kit@~0.30.6",
        "npm:drizzle-orm@~0.40.1",
        "npm:eslint-config-prettier@^10.1.8",
        "npm:eslint-plugin-storybook@^9.1.7",
        "npm:eslint-plugin-svelte@^3.12.3",
        "npm:eslint@^9.36.0",
        "npm:globals@^16.4.0",
        "npm:googlevideo@^4.0.4",
        "npm:lucide-svelte@0.542",
        "npm:mdsvex@~0.12.6",
        "npm:playwright@^1.55.0",
        "npm:postgres@^3.4.7",
        "npm:prettier-plugin-svelte@^3.4.0",
        "npm:prettier-plugin-tailwindcss@~0.6.14",
        "npm:prettier@^3.6.2",
        "npm:shaka-player@^4.16.2",
        "npm:storybook@^9.1.7",
        "npm:svelte-check@^4.3.1",
        "npm:svelte@^5.39.3",
        "npm:tailwindcss@^4.1.13",
        "npm:typescript-eslint@^8.44.0",
        "npm:typescript@^5.9.2",
        "npm:vite-plugin-devtools-json@1",
        "npm:vite@^7.1.6",
        "npm:vitest-browser-svelte@0.1",
        "npm:vitest@^3.2.4",
        "npm:youtubei.js@^15.1.1"
      ]
    }
  }
}
